
Microsoft Visual Studio Solution File, Format Version 12.00
# Visual Studio Version 17
VisualStudioVersion = 17.2.32516.85
MinimumVisualStudioVersion = 10.0.40219.1
Project("{FAE04EC0-301F-11D3-BF4B-00C04F79EFBC}") = "NewWebAPP", "NewWebAPP\NewWebAPP.csproj", "{9903DCE3-D168-455C-98DA-37CF2840E2B3}"
EndProject
Global
	GlobalSection(SolutionConfigurationPlatforms) = preSolution
		Debug|Any CPU = Debug|Any CPU
		Release|Any CPU = Release|Any CPU
	EndGlobalSection
	GlobalSection(ProjectConfigurationPlatforms) = postSolution
		{9903DCE3-D168-455C-98DA-37CF2840E2B3}.Debug|Any CPU.ActiveCfg = Debug|Any CPU
		{9903DCE3-D168-455C-98DA-37CF2840E2B3}.Debug|Any CPU.Build.0 = Debug|Any CPU
		{9903DCE3-D168-455C-98DA-37CF2840E2B3}.Release|Any CPU.ActiveCfg = Release|Any CPU
		{9903DCE3-D168-455C-98DA-37CF2840E2B3}.Release|Any CPU.Build.0 = Release|Any CPU
	EndGlobalSection
	GlobalSection(SolutionProperties) = preSolution
		HideSolutionNode = FALSE
	EndGlobalSection
	GlobalSection(ExtensibilityGlobals) = postSolution
		SolutionGuid = {36D22140-A090-433A-9F4F-CC91313DDAAF}
	EndGlobalSection
EndGlobal
