
Microsoft Visual Studio Solution File, Format Version 12.00
# Visual Studio Version 17
VisualStudioVersion = 17.1.32319.34
MinimumVisualStudioVersion = 10.0.40219.1
Project("{FAE04EC0-301F-11D3-BF4B-00C04F79EFBC}") = "REGNEWAPI", "REGNEWAPI\REGNEWAPI.csproj", "{049CFED1-F007-490F-9C58-3C793447843D}"
EndProject
Project("{FAE04EC0-301F-11D3-BF4B-00C04F79EFBC}") = "RegNEWMVC", "RegNEWMVC\RegNEWMVC.csproj", "{3953EBAB-B6E6-4135-8F3E-07F7BF40139F}"
EndProject
Global
	GlobalSection(SolutionConfigurationPlatforms) = preSolution
		Debug|Any CPU = Debug|Any CPU
		Release|Any CPU = Release|Any CPU
	EndGlobalSection
	GlobalSection(ProjectConfigurationPlatforms) = postSolution
		{049CFED1-F007-490F-9C58-3C793447843D}.Debug|Any CPU.ActiveCfg = Debug|Any CPU
		{049CFED1-F007-490F-9C58-3C793447843D}.Debug|Any CPU.Build.0 = Debug|Any CPU
		{049CFED1-F007-490F-9C58-3C793447843D}.Release|Any CPU.ActiveCfg = Release|Any CPU
		{049CFED1-F007-490F-9C58-3C793447843D}.Release|Any CPU.Build.0 = Release|Any CPU
		{3953EBAB-B6E6-4135-8F3E-07F7BF40139F}.Debug|Any CPU.ActiveCfg = Debug|Any CPU
		{3953EBAB-B6E6-4135-8F3E-07F7BF40139F}.Debug|Any CPU.Build.0 = Debug|Any CPU
		{3953EBAB-B6E6-4135-8F3E-07F7BF40139F}.Release|Any CPU.ActiveCfg = Release|Any CPU
		{3953EBAB-B6E6-4135-8F3E-07F7BF40139F}.Release|Any CPU.Build.0 = Release|Any CPU
	EndGlobalSection
	GlobalSection(SolutionProperties) = preSolution
		HideSolutionNode = FALSE
	EndGlobalSection
	GlobalSection(ExtensibilityGlobals) = postSolution
		SolutionGuid = {7DF67453-23D5-450C-A9D9-A1BE69D8BAAA}
	EndGlobalSection
EndGlobal
